// !$*UTF8*$!
{
	archiveVersion = 1;
	classes = {
	};
	objectVersion = 46;
	objects = {

/* Begin PBXBuildFile section */
		67F9F2F33EDFDA7CF1C63BCA /* Pods_iOSToDoAppTests.framework in Frameworks */ = {isa = PBXBuildFile; fileRef = 03D40371529E891E075ECAF9 /* Pods_iOSToDoAppTests.framework */; };
		689F442586028EDA2AFBF2C5 /* Pods_iOSToDoApp.framework in Frameworks */ = {isa = PBXBuildFile; fileRef = D82A895798957C75C3089F0F /* Pods_iOSToDoApp.framework */; };
		8D001F0E3859F267BA8155E6 /* Pods_iOSToDoAppUITests.framework in Frameworks */ = {isa = PBXBuildFile; fileRef = CB03C592F17F6A5C4B3BF012 /* Pods_iOSToDoAppUITests.framework */; };
		C11B10122101DBCD005E305B /* Constants.swift in Sources */ = {isa = PBXBuildFile; fileRef = C11B10112101DBCD005E305B /* Constants.swift */; };
		C1B0643020FF4A2D00033790 /* AppDelegate.swift in Sources */ = {isa = PBXBuildFile; fileRef = C1B0642F20FF4A2D00033790 /* AppDelegate.swift */; };
		C1B0643220FF4A2D00033790 /* ViewController.swift in Sources */ = {isa = PBXBuildFile; fileRef = C1B0643120FF4A2D00033790 /* ViewController.swift */; };
		C1B0643720FF4A2D00033790 /* Assets.xcassets in Resources */ = {isa = PBXBuildFile; fileRef = C1B0643620FF4A2D00033790 /* Assets.xcassets */; };
		C1B0643A20FF4A2D00033790 /* LaunchScreen.storyboard in Resources */ = {isa = PBXBuildFile; fileRef = C1B0643820FF4A2D00033790 /* LaunchScreen.storyboard */; };
		C1B0644520FF4A2E00033790 /* iOSToDoAppTests.swift in Sources */ = {isa = PBXBuildFile; fileRef = C1B0644420FF4A2E00033790 /* iOSToDoAppTests.swift */; };
		C1B0645020FF4A2E00033790 /* iOSToDoAppUITests.swift in Sources */ = {isa = PBXBuildFile; fileRef = C1B0644F20FF4A2E00033790 /* iOSToDoAppUITests.swift */; };
/* End PBXBuildFile section */

/* Begin PBXContainerItemProxy section */
		C1B0644120FF4A2E00033790 /* PBXContainerItemProxy */ = {
			isa = PBXContainerItemProxy;
			containerPortal = C1B0642420FF4A2D00033790 /* Project object */;
			proxyType = 1;
			remoteGlobalIDString = C1B0642B20FF4A2D00033790;
			remoteInfo = iOSToDoApp;
		};
		C1B0644C20FF4A2E00033790 /* PBXContainerItemProxy */ = {
			isa = PBXContainerItemProxy;
			containerPortal = C1B0642420FF4A2D00033790 /* Project object */;
			proxyType = 1;
			remoteGlobalIDString = C1B0642B20FF4A2D00033790;
			remoteInfo = iOSToDoApp;
		};
/* End PBXContainerItemProxy section */

/* Begin PBXFileReference section */
		01FE11973B42CAA88425A252 /* Pods-iOSToDoAppUITests.debug.xcconfig */ = {isa = PBXFileReference; includeInIndex = 1; lastKnownFileType = text.xcconfig; name = "Pods-iOSToDoAppUITests.debug.xcconfig"; path = "Pods/Target Support Files/Pods-iOSToDoAppUITests/Pods-iOSToDoAppUITests.debug.xcconfig"; sourceTree = "<group>"; };
		03D40371529E891E075ECAF9 /* Pods_iOSToDoAppTests.framework */ = {isa = PBXFileReference; explicitFileType = wrapper.framework; includeInIndex = 0; path = Pods_iOSToDoAppTests.framework; sourceTree = BUILT_PRODUCTS_DIR; };
		1E09A4F512C918C9A8977B6C /* Pods-iOSToDoApp.debug.xcconfig */ = {isa = PBXFileReference; includeInIndex = 1; lastKnownFileType = text.xcconfig; name = "Pods-iOSToDoApp.debug.xcconfig"; path = "Pods/Target Support Files/Pods-iOSToDoApp/Pods-iOSToDoApp.debug.xcconfig"; sourceTree = "<group>"; };
		35808CB73384DF32322A30FC /* Pods-iOSToDoApp.release.xcconfig */ = {isa = PBXFileReference; includeInIndex = 1; lastKnownFileType = text.xcconfig; name = "Pods-iOSToDoApp.release.xcconfig"; path = "Pods/Target Support Files/Pods-iOSToDoApp/Pods-iOSToDoApp.release.xcconfig"; sourceTree = "<group>"; };
		4C2CC168FEF523F2157DEA1D /* Pods-iOSToDoAppUITests.release.xcconfig */ = {isa = PBXFileReference; includeInIndex = 1; lastKnownFileType = text.xcconfig; name = "Pods-iOSToDoAppUITests.release.xcconfig"; path = "Pods/Target Support Files/Pods-iOSToDoAppUITests/Pods-iOSToDoAppUITests.release.xcconfig"; sourceTree = "<group>"; };
		A5B36B1002FA6C6E8297CDA2 /* Pods-iOSToDoAppTests.release.xcconfig */ = {isa = PBXFileReference; includeInIndex = 1; lastKnownFileType = text.xcconfig; name = "Pods-iOSToDoAppTests.release.xcconfig"; path = "Pods/Target Support Files/Pods-iOSToDoAppTests/Pods-iOSToDoAppTests.release.xcconfig"; sourceTree = "<group>"; };
		AF26B6EDAF7ED510C565A362 /* Pods-iOSToDoAppTests.debug.xcconfig */ = {isa = PBXFileReference; includeInIndex = 1; lastKnownFileType = text.xcconfig; name = "Pods-iOSToDoAppTests.debug.xcconfig"; path = "Pods/Target Support Files/Pods-iOSToDoAppTests/Pods-iOSToDoAppTests.debug.xcconfig"; sourceTree = "<group>"; };
		C11B10112101DBCD005E305B /* Constants.swift */ = {isa = PBXFileReference; lastKnownFileType = sourcecode.swift; path = Constants.swift; sourceTree = "<group>"; };
		C1B0642C20FF4A2D00033790 /* iOSToDoApp.app */ = {isa = PBXFileReference; explicitFileType = wrapper.application; includeInIndex = 0; path = iOSToDoApp.app; sourceTree = BUILT_PRODUCTS_DIR; };
		C1B0642F20FF4A2D00033790 /* AppDelegate.swift */ = {isa = PBXFileReference; lastKnownFileType = sourcecode.swift; path = AppDelegate.swift; sourceTree = "<group>"; };
		C1B0643120FF4A2D00033790 /* ViewController.swift */ = {isa = PBXFileReference; lastKnownFileType = sourcecode.swift; path = ViewController.swift; sourceTree = "<group>"; };
		C1B0643620FF4A2D00033790 /* Assets.xcassets */ = {isa = PBXFileReference; lastKnownFileType = folder.assetcatalog; path = Assets.xcassets; sourceTree = "<group>"; };
		C1B0643920FF4A2D00033790 /* Base */ = {isa = PBXFileReference; lastKnownFileType = file.storyboard; name = Base; path = Base.lproj/LaunchScreen.storyboard; sourceTree = "<group>"; };
		C1B0643B20FF4A2D00033790 /* Info.plist */ = {isa = PBXFileReference; lastKnownFileType = text.plist.xml; path = Info.plist; sourceTree = "<group>"; };
		C1B0644020FF4A2E00033790 /* iOSToDoAppTests.xctest */ = {isa = PBXFileReference; explicitFileType = wrapper.cfbundle; includeInIndex = 0; path = iOSToDoAppTests.xctest; sourceTree = BUILT_PRODUCTS_DIR; };
		C1B0644420FF4A2E00033790 /* iOSToDoAppTests.swift */ = {isa = PBXFileReference; lastKnownFileType = sourcecode.swift; path = iOSToDoAppTests.swift; sourceTree = "<group>"; };
		C1B0644620FF4A2E00033790 /* Info.plist */ = {isa = PBXFileReference; lastKnownFileType = text.plist.xml; path = Info.plist; sourceTree = "<group>"; };
		C1B0644B20FF4A2E00033790 /* iOSToDoAppUITests.xctest */ = {isa = PBXFileReference; explicitFileType = wrapper.cfbundle; includeInIndex = 0; path = iOSToDoAppUITests.xctest; sourceTree = BUILT_PRODUCTS_DIR; };
		C1B0644F20FF4A2E00033790 /* iOSToDoAppUITests.swift */ = {isa = PBXFileReference; lastKnownFileType = sourcecode.swift; path = iOSToDoAppUITests.swift; sourceTree = "<group>"; };
		C1B0645120FF4A2E00033790 /* Info.plist */ = {isa = PBXFileReference; lastKnownFileType = text.plist.xml; path = Info.plist; sourceTree = "<group>"; };
		CB03C592F17F6A5C4B3BF012 /* Pods_iOSToDoAppUITests.framework */ = {isa = PBXFileReference; explicitFileType = wrapper.framework; includeInIndex = 0; path = Pods_iOSToDoAppUITests.framework; sourceTree = BUILT_PRODUCTS_DIR; };
		D82A895798957C75C3089F0F /* Pods_iOSToDoApp.framework */ = {isa = PBXFileReference; explicitFileType = wrapper.framework; includeInIndex = 0; path = Pods_iOSToDoApp.framework; sourceTree = BUILT_PRODUCTS_DIR; };
/* End PBXFileReference section */

/* Begin PBXFrameworksBuildPhase section */
		C1B0642920FF4A2D00033790 /* Frameworks */ = {
			isa = PBXFrameworksBuildPhase;
			buildActionMask = 2147483647;
			files = (
				689F442586028EDA2AFBF2C5 /* Pods_iOSToDoApp.framework in Frameworks */,
			);
			runOnlyForDeploymentPostprocessing = 0;
		};
		C1B0643D20FF4A2E00033790 /* Frameworks */ = {
			isa = PBXFrameworksBuildPhase;
			buildActionMask = 2147483647;
			files = (
				67F9F2F33EDFDA7CF1C63BCA /* Pods_iOSToDoAppTests.framework in Frameworks */,
			);
			runOnlyForDeploymentPostprocessing = 0;
		};
		C1B0644820FF4A2E00033790 /* Frameworks */ = {
			isa = PBXFrameworksBuildPhase;
			buildActionMask = 2147483647;
			files = (
				8D001F0E3859F267BA8155E6 /* Pods_iOSToDoAppUITests.framework in Frameworks */,
			);
			runOnlyForDeploymentPostprocessing = 0;
		};
/* End PBXFrameworksBuildPhase section */

/* Begin PBXGroup section */
		860E52A69911AB80C0C5C5ED /* Frameworks */ = {
			isa = PBXGroup;
			children = (
				D82A895798957C75C3089F0F /* Pods_iOSToDoApp.framework */,
				03D40371529E891E075ECAF9 /* Pods_iOSToDoAppTests.framework */,
				CB03C592F17F6A5C4B3BF012 /* Pods_iOSToDoAppUITests.framework */,
			);
			name = Frameworks;
			sourceTree = "<group>";
		};
		C1B0642320FF4A2D00033790 = {
			isa = PBXGroup;
			children = (
				C1B0642E20FF4A2D00033790 /* iOSToDoApp */,
				C1B0644320FF4A2E00033790 /* iOSToDoAppTests */,
				C1B0644E20FF4A2E00033790 /* iOSToDoAppUITests */,
				C1B0642D20FF4A2D00033790 /* Products */,
				D40B50161F35963CC6CA0990 /* Pods */,
				860E52A69911AB80C0C5C5ED /* Frameworks */,
			);
			sourceTree = "<group>";
		};
		C1B0642D20FF4A2D00033790 /* Products */ = {
			isa = PBXGroup;
			children = (
				C1B0642C20FF4A2D00033790 /* iOSToDoApp.app */,
				C1B0644020FF4A2E00033790 /* iOSToDoAppTests.xctest */,
				C1B0644B20FF4A2E00033790 /* iOSToDoAppUITests.xctest */,
			);
			name = Products;
			sourceTree = "<group>";
		};
		C1B0642E20FF4A2D00033790 /* iOSToDoApp */ = {
			isa = PBXGroup;
			children = (
				C1B0642F20FF4A2D00033790 /* AppDelegate.swift */,
				C11B10112101DBCD005E305B /* Constants.swift */,
				C1B0643120FF4A2D00033790 /* ViewController.swift */,
				C1B0643620FF4A2D00033790 /* Assets.xcassets */,
				C1B0643820FF4A2D00033790 /* LaunchScreen.storyboard */,
				C1B0643B20FF4A2D00033790 /* Info.plist */,
			);
			path = iOSToDoApp;
			sourceTree = "<group>";
		};
		C1B0644320FF4A2E00033790 /* iOSToDoAppTests */ = {
			isa = PBXGroup;
			children = (
				C1B0644420FF4A2E00033790 /* iOSToDoAppTests.swift */,
				C1B0644620FF4A2E00033790 /* Info.plist */,
			);
			path = iOSToDoAppTests;
			sourceTree = "<group>";
		};
		C1B0644E20FF4A2E00033790 /* iOSToDoAppUITests */ = {
			isa = PBXGroup;
			children = (
				C1B0644F20FF4A2E00033790 /* iOSToDoAppUITests.swift */,
				C1B0645120FF4A2E00033790 /* Info.plist */,
			);
			path = iOSToDoAppUITests;
			sourceTree = "<group>";
		};
		D40B50161F35963CC6CA0990 /* Pods */ = {
			isa = PBXGroup;
			children = (
				1E09A4F512C918C9A8977B6C /* Pods-iOSToDoApp.debug.xcconfig */,
				35808CB73384DF32322A30FC /* Pods-iOSToDoApp.release.xcconfig */,
				AF26B6EDAF7ED510C565A362 /* Pods-iOSToDoAppTests.debug.xcconfig */,
				A5B36B1002FA6C6E8297CDA2 /* Pods-iOSToDoAppTests.release.xcconfig */,
				01FE11973B42CAA88425A252 /* Pods-iOSToDoAppUITests.debug.xcconfig */,
				4C2CC168FEF523F2157DEA1D /* Pods-iOSToDoAppUITests.release.xcconfig */,
			);
			name = Pods;
			sourceTree = "<group>";
		};
/* End PBXGroup section */

/* Begin PBXNativeTarget section */
		C1B0642B20FF4A2D00033790 /* iOSToDoApp */ = {
			isa = PBXNativeTarget;
			buildConfigurationList = C1B0645420FF4A2E00033790 /* Build configuration list for PBXNativeTarget "iOSToDoApp" */;
			buildPhases = (
				4ACCEB241417E46D38D157C4 /* [CP] Check Pods Manifest.lock */,
				C1B0642820FF4A2D00033790 /* Sources */,
				C1B0642920FF4A2D00033790 /* Frameworks */,
				C1B0642A20FF4A2D00033790 /* Resources */,
				FBBA1369E7565116FE3286AD /* [CP] Embed Pods Frameworks */,
			);
			buildRules = (
			);
			dependencies = (
			);
			name = iOSToDoApp;
			productName = iOSToDoApp;
			productReference = C1B0642C20FF4A2D00033790 /* iOSToDoApp.app */;
			productType = "com.apple.product-type.application";
		};
		C1B0643F20FF4A2E00033790 /* iOSToDoAppTests */ = {
			isa = PBXNativeTarget;
			buildConfigurationList = C1B0645720FF4A2E00033790 /* Build configuration list for PBXNativeTarget "iOSToDoAppTests" */;
			buildPhases = (
				A21CB96AC7F8162BE7F5D298 /* [CP] Check Pods Manifest.lock */,
				C1B0643C20FF4A2E00033790 /* Sources */,
				C1B0643D20FF4A2E00033790 /* Frameworks */,
				C1B0643E20FF4A2E00033790 /* Resources */,
			);
			buildRules = (
			);
			dependencies = (
				C1B0644220FF4A2E00033790 /* PBXTargetDependency */,
			);
			name = iOSToDoAppTests;
			productName = iOSToDoAppTests;
			productReference = C1B0644020FF4A2E00033790 /* iOSToDoAppTests.xctest */;
			productType = "com.apple.product-type.bundle.unit-test";
		};
		C1B0644A20FF4A2E00033790 /* iOSToDoAppUITests */ = {
			isa = PBXNativeTarget;
			buildConfigurationList = C1B0645A20FF4A2E00033790 /* Build configuration list for PBXNativeTarget "iOSToDoAppUITests" */;
			buildPhases = (
				85B41EDBE4D8C8B5A90E415C /* [CP] Check Pods Manifest.lock */,
				C1B0644720FF4A2E00033790 /* Sources */,
				C1B0644820FF4A2E00033790 /* Frameworks */,
				C1B0644920FF4A2E00033790 /* Resources */,
			);
			buildRules = (
			);
			dependencies = (
				C1B0644D20FF4A2E00033790 /* PBXTargetDependency */,
			);
			name = iOSToDoAppUITests;
			productName = iOSToDoAppUITests;
			productReference = C1B0644B20FF4A2E00033790 /* iOSToDoAppUITests.xctest */;
			productType = "com.apple.product-type.bundle.ui-testing";
		};
/* End PBXNativeTarget section */

/* Begin PBXProject section */
		C1B0642420FF4A2D00033790 /* Project object */ = {
			isa = PBXProject;
			attributes = {
				LastSwiftUpdateCheck = 0820;
				LastUpgradeCheck = 0820;
				ORGANIZATIONNAME = "Nishihara Kiyoshi";
				TargetAttributes = {
					C1B0642B20FF4A2D00033790 = {
						CreatedOnToolsVersion = 8.2.1;
						DevelopmentTeam = XDPE34R3T2;
						ProvisioningStyle = Automatic;
					};
					C1B0643F20FF4A2E00033790 = {
						CreatedOnToolsVersion = 8.2.1;
						ProvisioningStyle = Automatic;
						TestTargetID = C1B0642B20FF4A2D00033790;
					};
					C1B0644A20FF4A2E00033790 = {
						CreatedOnToolsVersion = 8.2.1;
						ProvisioningStyle = Automatic;
						TestTargetID = C1B0642B20FF4A2D00033790;
					};
				};
			};
			buildConfigurationList = C1B0642720FF4A2D00033790 /* Build configuration list for PBXProject "iOSToDoApp" */;
			compatibilityVersion = "Xcode 3.2";
			developmentRegion = English;
			hasScannedForEncodings = 0;
			knownRegions = (
				en,
				Base,
			);
			mainGroup = C1B0642320FF4A2D00033790;
			productRefGroup = C1B0642D20FF4A2D00033790 /* Products */;
			projectDirPath = "";
			projectRoot = "";
			targets = (
				C1B0642B20FF4A2D00033790 /* iOSToDoApp */,
				C1B0643F20FF4A2E00033790 /* iOSToDoAppTests */,
				C1B0644A20FF4A2E00033790 /* iOSToDoAppUITests */,
			);
		};
/* End PBXProject section */

/* Begin PBXResourcesBuildPhase section */
		C1B0642A20FF4A2D00033790 /* Resources */ = {
			isa = PBXResourcesBuildPhase;
			buildActionMask = 2147483647;
			files = (
				C1B0643A20FF4A2D00033790 /* LaunchScreen.storyboard in Resources */,
				C1B0643720FF4A2D00033790 /* Assets.xcassets in Resources */,
			);
			runOnlyForDeploymentPostprocessing = 0;
		};
		C1B0643E20FF4A2E00033790 /* Resources */ = {
			isa = PBXResourcesBuildPhase;
			buildActionMask = 2147483647;
			files = (
			);
			runOnlyForDeploymentPostprocessing = 0;
		};
		C1B0644920FF4A2E00033790 /* Resources */ = {
			isa = PBXResourcesBuildPhase;
			buildActionMask = 2147483647;
			files = (
			);
			runOnlyForDeploymentPostprocessing = 0;
		};
/* End PBXResourcesBuildPhase section */

/* Begin PBXShellScriptBuildPhase section */
		4ACCEB241417E46D38D157C4 /* [CP] Check Pods Manifest.lock */ = {
			isa = PBXShellScriptBuildPhase;
			buildActionMask = 2147483647;
			files = (
			);
			inputPaths = (
				"${PODS_PODFILE_DIR_PATH}/Podfile.lock",
				"${PODS_ROOT}/Manifest.lock",
			);
			name = "[CP] Check Pods Manifest.lock";
			outputPaths = (
				"$(DERIVED_FILE_DIR)/Pods-iOSToDoApp-checkManifestLockResult.txt",
			);
			runOnlyForDeploymentPostprocessing = 0;
			shellPath = /bin/sh;
			shellScript = "diff \"${PODS_PODFILE_DIR_PATH}/Podfile.lock\" \"${PODS_ROOT}/Manifest.lock\" > /dev/null\nif [ $? != 0 ] ; then\n    # print error to STDERR\n    echo \"error: The sandbox is not in sync with the Podfile.lock. Run 'pod install' or update your CocoaPods installation.\" >&2\n    exit 1\nfi\n# This output is used by Xcode 'outputs' to avoid re-running this script phase.\necho \"SUCCESS\" > \"${SCRIPT_OUTPUT_FILE_0}\"\n";
			showEnvVarsInLog = 0;
		};
		85B41EDBE4D8C8B5A90E415C /* [CP] Check Pods Manifest.lock */ = {
			isa = PBXShellScriptBuildPhase;
			buildActionMask = 2147483647;
			files = (
			);
			inputPaths = (
				"${PODS_PODFILE_DIR_PATH}/Podfile.lock",
				"${PODS_ROOT}/Manifest.lock",
			);
			name = "[CP] Check Pods Manifest.lock";
			outputPaths = (
				"$(DERIVED_FILE_DIR)/Pods-iOSToDoAppUITests-checkManifestLockResult.txt",
			);
			runOnlyForDeploymentPostprocessing = 0;
			shellPath = /bin/sh;
			shellScript = "diff \"${PODS_PODFILE_DIR_PATH}/Podfile.lock\" \"${PODS_ROOT}/Manifest.lock\" > /dev/null\nif [ $? != 0 ] ; then\n    # print error to STDERR\n    echo \"error: The sandbox is not in sync with the Podfile.lock. Run 'pod install' or update your CocoaPods installation.\" >&2\n    exit 1\nfi\n# This output is used by Xcode 'outputs' to avoid re-running this script phase.\necho \"SUCCESS\" > \"${SCRIPT_OUTPUT_FILE_0}\"\n";
			showEnvVarsInLog = 0;
		};
		A21CB96AC7F8162BE7F5D298 /* [CP] Check Pods Manifest.lock */ = {
			isa = PBXShellScriptBuildPhase;
			buildActionMask = 2147483647;
			files = (
			);
			inputPaths = (
				"${PODS_PODFILE_DIR_PATH}/Podfile.lock",
				"${PODS_ROOT}/Manifest.lock",
			);
			name = "[CP] Check Pods Manifest.lock";
			outputPaths = (
				"$(DERIVED_FILE_DIR)/Pods-iOSToDoAppTests-checkManifestLockResult.txt",
			);
			runOnlyForDeploymentPostprocessing = 0;
			shellPath = /bin/sh;
			shellScript = "diff \"${PODS_PODFILE_DIR_PATH}/Podfile.lock\" \"${PODS_ROOT}/Manifest.lock\" > /dev/null\nif [ $? != 0 ] ; then\n    # print error to STDERR\n    echo \"error: The sandbox is not in sync with the Podfile.lock. Run 'pod install' or update your CocoaPods installation.\" >&2\n    exit 1\nfi\n# This output is used by Xcode 'outputs' to avoid re-running this script phase.\necho \"SUCCESS\" > \"${SCRIPT_OUTPUT_FILE_0}\"\n";
			showEnvVarsInLog = 0;
		};
		FBBA1369E7565116FE3286AD /* [CP] Embed Pods Frameworks */ = {
			isa = PBXShellScriptBuildPhase;
			buildActionMask = 2147483647;
			files = (
			);
			inputPaths = (
				"${SRCROOT}/Pods/Target Support Files/Pods-iOSToDoApp/Pods-iOSToDoApp-frameworks.sh",
				"${BUILT_PRODUCTS_DIR}/Realm/Realm.framework",
				"${BUILT_PRODUCTS_DIR}/RealmSwift/RealmSwift.framework",
			);
			name = "[CP] Embed Pods Frameworks";
			outputPaths = (
				"${TARGET_BUILD_DIR}/${FRAMEWORKS_FOLDER_PATH}/Realm.framework",
				"${TARGET_BUILD_DIR}/${FRAMEWORKS_FOLDER_PATH}/RealmSwift.framework",
			);
			runOnlyForDeploymentPostprocessing = 0;
			shellPath = /bin/sh;
			shellScript = "\"${SRCROOT}/Pods/Target Support Files/Pods-iOSToDoApp/Pods-iOSToDoApp-frameworks.sh\"\n";
			showEnvVarsInLog = 0;
		};
/* End PBXShellScriptBuildPhase section */

/* Begin PBXSourcesBuildPhase section */
		C1B0642820FF4A2D00033790 /* Sources */ = {
			isa = PBXSourcesBuildPhase;
			buildActionMask = 2147483647;
			files = (
				C1B0643220FF4A2D00033790 /* ViewController.swift in Sources */,
				C1B0643020FF4A2D00033790 /* AppDelegate.swift in Sources */,
				C11B10122101DBCD005E305B /* Constants.swift in Sources */,
			);
			runOnlyForDeploymentPostprocessing = 0;
		};
		C1B0643C20FF4A2E00033790 /* Sources */ = {
			isa = PBXSourcesBuildPhase;
			buildActionMask = 2147483647;
			files = (
				C1B0644520FF4A2E00033790 /* iOSToDoAppTests.swift in Sources */,
			);
			runOnlyForDeploymentPostprocessing = 0;
		};
		C1B0644720FF4A2E00033790 /* Sources */ = {
			isa = PBXSourcesBuildPhase;
			buildActionMask = 2147483647;
			files = (
				C1B0645020FF4A2E00033790 /* iOSToDoAppUITests.swift in Sources */,
			);
			runOnlyForDeploymentPostprocessing = 0;
		};
/* End PBXSourcesBuildPhase section */

/* Begin PBXTargetDependency section */
		C1B0644220FF4A2E00033790 /* PBXTargetDependency */ = {
			isa = PBXTargetDependency;
			target = C1B0642B20FF4A2D00033790 /* iOSToDoApp */;
			targetProxy = C1B0644120FF4A2E00033790 /* PBXContainerItemProxy */;
		};
		C1B0644D20FF4A2E00033790 /* PBXTargetDependency */ = {
			isa = PBXTargetDependency;
			target = C1B0642B20FF4A2D00033790 /* iOSToDoApp */;
			targetProxy = C1B0644C20FF4A2E00033790 /* PBXContainerItemProxy */;
		};
/* End PBXTargetDependency section */

/* Begin PBXVariantGroup section */
		C1B0643820FF4A2D00033790 /* LaunchScreen.storyboard */ = {
			isa = PBXVariantGroup;
			children = (
				C1B0643920FF4A2D00033790 /* Base */,
			);
			name = LaunchScreen.storyboard;
			sourceTree = "<group>";
		};
/* End PBXVariantGroup section */

/* Begin XCBuildConfiguration section */
		C1B0645220FF4A2E00033790 /* Debug */ = {
			isa = XCBuildConfiguration;
			buildSettings = {
				ALWAYS_SEARCH_USER_PATHS = NO;
				CLANG_ANALYZER_NONNULL = YES;
				CLANG_CXX_LANGUAGE_STANDARD = "gnu++0x";
				CLANG_CXX_LIBRARY = "libc++";
				CLANG_ENABLE_MODULES = YES;
				CLANG_ENABLE_OBJC_ARC = YES;
				CLANG_WARN_BOOL_CONVERSION = YES;
				CLANG_WARN_CONSTANT_CONVERSION = YES;
				CLANG_WARN_DIRECT_OBJC_ISA_USAGE = YES_ERROR;
				CLANG_WARN_DOCUMENTATION_COMMENTS = YES;
				CLANG_WARN_EMPTY_BODY = YES;
				CLANG_WARN_ENUM_CONVERSION = YES;
				CLANG_WARN_INFINITE_RECURSION = YES;
				CLANG_WARN_INT_CONVERSION = YES;
				CLANG_WARN_OBJC_ROOT_CLASS = YES_ERROR;
				CLANG_WARN_SUSPICIOUS_MOVE = YES;
				CLANG_WARN_UNREACHABLE_CODE = YES;
				CLANG_WARN__DUPLICATE_METHOD_MATCH = YES;
				"CODE_SIGN_IDENTITY[sdk=iphoneos*]" = "iPhone Developer";
				COPY_PHASE_STRIP = NO;
				DEBUG_INFORMATION_FORMAT = dwarf;
				ENABLE_STRICT_OBJC_MSGSEND = YES;
				ENABLE_TESTABILITY = YES;
				GCC_C_LANGUAGE_STANDARD = gnu99;
				GCC_DYNAMIC_NO_PIC = NO;
				GCC_NO_COMMON_BLOCKS = YES;
				GCC_OPTIMIZATION_LEVEL = 0;
				GCC_PREPROCESSOR_DEFINITIONS = (
					"DEBUG=1",
					"$(inherited)",
				);
				GCC_WARN_64_TO_32_BIT_CONVERSION = YES;
				GCC_WARN_ABOUT_RETURN_TYPE = YES_ERROR;
				GCC_WARN_UNDECLARED_SELECTOR = YES;
				GCC_WARN_UNINITIALIZED_AUTOS = YES_AGGRESSIVE;
				GCC_WARN_UNUSED_FUNCTION = YES;
				GCC_WARN_UNUSED_VARIABLE = YES;
				IPHONEOS_DEPLOYMENT_TARGET = 10.2;
				MTL_ENABLE_DEBUG_INFO = YES;
				ONLY_ACTIVE_ARCH = YES;
				SDKROOT = iphoneos;
				SWIFT_ACTIVE_COMPILATION_CONDITIONS = DEBUG;
				SWIFT_OPTIMIZATION_LEVEL = "-Onone";
				TARGETED_DEVICE_FAMILY = "1,2";
			};
			name = Debug;
		};
		C1B0645320FF4A2E00033790 /* Release */ = {
			isa = XCBuildConfiguration;
			buildSettings = {
				ALWAYS_SEARCH_USER_PATHS = NO;
				CLANG_ANALYZER_NONNULL = YES;
				CLANG_CXX_LANGUAGE_STANDARD = "gnu++0x";
				CLANG_CXX_LIBRARY = "libc++";
				CLANG_ENABLE_MODULES = YES;
				CLANG_ENABLE_OBJC_ARC = YES;
				CLANG_WARN_BOOL_CONVERSION = YES;
				CLANG_WARN_CONSTANT_CONVERSION = YES;
				CLANG_WARN_DIRECT_OBJC_ISA_USAGE = YES_ERROR;
				CLANG_WARN_DOCUMENTATION_COMMENTS = YES;
				CLANG_WARN_EMPTY_BODY = YES;
				CLANG_WARN_ENUM_CONVERSION = YES;
				CLANG_WARN_INFINITE_RECURSION = YES;
				CLANG_WARN_INT_CONVERSION = YES;
				CLANG_WARN_OBJC_ROOT_CLASS = YES_ERROR;
				CLANG_WARN_SUSPICIOUS_MOVE = YES;
				CLANG_WARN_UNREACHABLE_CODE = YES;
				CLANG_WARN__DUPLICATE_METHOD_MATCH = YES;
				"CODE_SIGN_IDENTITY[sdk=iphoneos*]" = "iPhone Developer";
				COPY_PHASE_STRIP = NO;
				DEBUG_INFORMATION_FORMAT = "dwarf-with-dsym";
				ENABLE_NS_ASSERTIONS = NO;
				ENABLE_STRICT_OBJC_MSGSEND = YES;
				GCC_C_LANGUAGE_STANDARD = gnu99;
				GCC_NO_COMMON_BLOCKS = YES;
				GCC_WARN_64_TO_32_BIT_CONVERSION = YES;
				GCC_WARN_ABOUT_RETURN_TYPE = YES_ERROR;
				GCC_WARN_UNDECLARED_SELECTOR = YES;
				GCC_WARN_UNINITIALIZED_AUTOS = YES_AGGRESSIVE;
				GCC_WARN_UNUSED_FUNCTION = YES;
				GCC_WARN_UNUSED_VARIABLE = YES;
				IPHONEOS_DEPLOYMENT_TARGET = 10.2;
				MTL_ENABLE_DEBUG_INFO = NO;
				SDKROOT = iphoneos;
				SWIFT_OPTIMIZATION_LEVEL = "-Owholemodule";
				TARGETED_DEVICE_FAMILY = "1,2";
				VALIDATE_PRODUCT = YES;
			};
			name = Release;
		};
		C1B0645520FF4A2E00033790 /* Debug */ = {
			isa = XCBuildConfiguration;
			baseConfigurationReference = 1E09A4F512C918C9A8977B6C /* Pods-iOSToDoApp.debug.xcconfig */;
			buildSettings = {
				ASSETCATALOG_COMPILER_APPICON_NAME = AppIcon;
				DEVELOPMENT_TEAM = XDPE34R3T2;
				INFOPLIST_FILE = iOSToDoApp/Info.plist;
				LD_RUNPATH_SEARCH_PATHS = "$(inherited) @executable_path/Frameworks";
				PRODUCT_BUNDLE_IDENTIFIER = com.paranishian.iOSToDoApp;
				PRODUCT_NAME = "$(TARGET_NAME)";
				SWIFT_VERSION = 3.0;
			};
			name = Debug;
		};
		C1B0645620FF4A2E00033790 /* Release */ = {
			isa = XCBuildConfiguration;
			baseConfigurationReference = 35808CB73384DF32322A30FC /* Pods-iOSToDoApp.release.xcconfig */;
			buildSettings = {
				ASSETCATALOG_COMPILER_APPICON_NAME = AppIcon;
				DEVELOPMENT_TEAM = XDPE34R3T2;
				INFOPLIST_FILE = iOSToDoApp/Info.plist;
				LD_RUNPATH_SEARCH_PATHS = "$(inherited) @executable_path/Frameworks";
				PRODUCT_BUNDLE_IDENTIFIER = com.paranishian.iOSToDoApp;
				PRODUCT_NAME = "$(TARGET_NAME)";
				SWIFT_VERSION = 3.0;
			};
			name = Release;
		};
		C1B0645820FF4A2E00033790 /* Debug */ = {
			isa = XCBuildConfiguration;
			baseConfigurationReference = AF26B6EDAF7ED510C565A362 /* Pods-iOSToDoAppTests.debug.xcconfig */;
			buildSettings = {
				ALWAYS_EMBED_SWIFT_STANDARD_LIBRARIES = YES;
				BUNDLE_LOADER = "$(TEST_HOST)";
				INFOPLIST_FILE = iOSToDoAppTests/Info.plist;
				LD_RUNPATH_SEARCH_PATHS = "$(inherited) @executable_path/Frameworks @loader_path/Frameworks";
				PRODUCT_BUNDLE_IDENTIFIER = com.paranishian.iOSToDoAppTests;
				PRODUCT_NAME = "$(TARGET_NAME)";
				SWIFT_VERSION = 3.0;
				TEST_HOST = "$(BUILT_PRODUCTS_DIR)/iOSToDoApp.app/iOSToDoApp";
			};
			name = Debug;
		};
		C1B0645920FF4A2E00033790 /* Release */ = {
			isa = XCBuildConfiguration;
			baseConfigurationReference = A5B36B1002FA6C6E8297CDA2 /* Pods-iOSToDoAppTests.release.xcconfig */;
			buildSettings = {
				ALWAYS_EMBED_SWIFT_STANDARD_LIBRARIES = YES;
				BUNDLE_LOADER = "$(TEST_HOST)";
				INFOPLIST_FILE = iOSToDoAppTests/Info.plist;
				LD_RUNPATH_SEARCH_PATHS = "$(inherited) @executable_path/Frameworks @loader_path/Frameworks";
				PRODUCT_BUNDLE_IDENTIFIER = com.paranishian.iOSToDoAppTests;
				PRODUCT_NAME = "$(TARGET_NAME)";
				SWIFT_VERSION = 3.0;
				TEST_HOST = "$(BUILT_PRODUCTS_DIR)/iOSToDoApp.app/iOSToDoApp";
			};
			name = Release;
		};
		C1B0645B20FF4A2E00033790 /* Debug */ = {
			isa = XCBuildConfiguration;
			baseConfigurationReference = 01FE11973B42CAA88425A252 /* Pods-iOSToDoAppUITests.debug.xcconfig */;
			buildSettings = {
				ALWAYS_EMBED_SWIFT_STANDARD_LIBRARIES = YES;
				INFOPLIST_FILE = iOSToDoAppUITests/Info.plist;
				LD_RUNPATH_SEARCH_PATHS = "$(inherited) @executable_path/Frameworks @loader_path/Frameworks";
				PRODUCT_BUNDLE_IDENTIFIER = com.paranishian.iOSToDoAppUITests;
				PRODUCT_NAME = "$(TARGET_NAME)";
				SWIFT_VERSION = 3.0;
				TEST_TARGET_NAME = iOSToDoApp;
			};
			name = Debug;
		};
		C1B0645C20FF4A2E00033790 /* Release */ = {
			isa = XCBuildConfiguration;
			baseConfigurationReference = 4C2CC168FEF523F2157DEA1D /* Pods-iOSToDoAppUITests.release.xcconfig */;
			buildSettings = {
				ALWAYS_EMBED_SWIFT_STANDARD_LIBRARIES = YES;
				INFOPLIST_FILE = iOSToDoAppUITests/Info.plist;
				LD_RUNPATH_SEARCH_PATHS = "$(inherited) @executable_path/Frameworks @loader_path/Frameworks";
				PRODUCT_BUNDLE_IDENTIFIER = com.paranishian.iOSToDoAppUITests;
				PRODUCT_NAME = "$(TARGET_NAME)";
				SWIFT_VERSION = 3.0;
				TEST_TARGET_NAME = iOSToDoApp;
			};
			name = Release;
		};
/* End XCBuildConfiguration section */

/* Begin XCConfigurationList section */
		C1B0642720FF4A2D00033790 /* Build configuration list for PBXProject "iOSToDoApp" */ = {
			isa = XCConfigurationList;
			buildConfigurations = (
				C1B0645220FF4A2E00033790 /* Debug */,
				C1B0645320FF4A2E00033790 /* Release */,
			);
			defaultConfigurationIsVisible = 0;
			defaultConfigurationName = Release;
		};
		C1B0645420FF4A2E00033790 /* Build configuration list for PBXNativeTarget "iOSToDoApp" */ = {
			isa = XCConfigurationList;
			buildConfigurations = (
				C1B0645520FF4A2E00033790 /* Debug */,
				C1B0645620FF4A2E00033790 /* Release */,
			);
			defaultConfigurationIsVisible = 0;
			defaultConfigurationName = Release;
		};
		C1B0645720FF4A2E00033790 /* Build configuration list for PBXNativeTarget "iOSToDoAppTests" */ = {
			isa = XCConfigurationList;
			buildConfigurations = (
				C1B0645820FF4A2E00033790 /* Debug */,
				C1B0645920FF4A2E00033790 /* Release */,
			);
			defaultConfigurationIsVisible = 0;
			defaultConfigurationName = Release;
		};
		C1B0645A20FF4A2E00033790 /* Build configuration list for PBXNativeTarget "iOSToDoAppUITests" */ = {
			isa = XCConfigurationList;
			buildConfigurations = (
				C1B0645B20FF4A2E00033790 /* Debug */,
				C1B0645C20FF4A2E00033790 /* Release */,
			);
			defaultConfigurationIsVisible = 0;
			defaultConfigurationName = Release;
		};
/* End XCConfigurationList section */
	};
	rootObject = C1B0642420FF4A2D00033790 /* Project object */;
}
